// !$*UTF8*$!
{
	archiveVersion = 1;
	classes = {
	};
	objectVersion = 55;
	objects = {

/* Begin PBXBuildFile section */
		3F83FB6C28BE697B00569644 /* AppDelegate.swift in Sources */ = {isa = PBXBuildFile; fileRef = 3F83FB6B28BE697B00569644 /* AppDelegate.swift */; };
		3F83FB6E28BE697B00569644 /* SceneDelegate.swift in Sources */ = {isa = PBXBuildFile; fileRef = 3F83FB6D28BE697B00569644 /* SceneDelegate.swift */; };
		3F83FB7028BE697B00569644 /* ViewController.swift in Sources */ = {isa = PBXBuildFile; fileRef = 3F83FB6F28BE697B00569644 /* ViewController.swift */; };
		3F83FB7328BE697B00569644 /* Main.storyboard in Resources */ = {isa = PBXBuildFile; fileRef = 3F83FB7128BE697B00569644 /* Main.storyboard */; };
		3F83FB7528BE698100569644 /* Assets.xcassets in Resources */ = {isa = PBXBuildFile; fileRef = 3F83FB7428BE698100569644 /* Assets.xcassets */; };
		3F83FB7828BE698100569644 /* LaunchScreen.storyboard in Resources */ = {isa = PBXBuildFile; fileRef = 3F83FB7628BE698100569644 /* LaunchScreen.storyboard */; };
		3F83FB8328BE698100569644 /* Primary_ReviewTests.swift in Sources */ = {isa = PBXBuildFile; fileRef = 3F83FB8228BE698100569644 /* Primary_ReviewTests.swift */; };
		3F83FB8D28BE698100569644 /* Primary_ReviewUITests.swift in Sources */ = {isa = PBXBuildFile; fileRef = 3F83FB8C28BE698100569644 /* Primary_ReviewUITests.swift */; };
		3F83FB8F28BE698100569644 /* Primary_ReviewUITestsLaunchTests.swift in Sources */ = {isa = PBXBuildFile; fileRef = 3F83FB8E28BE698100569644 /* Primary_ReviewUITestsLaunchTests.swift */; };
		3F83FB9D28BE6E8000569644 /* TableViewController.swift in Sources */ = {isa = PBXBuildFile; fileRef = 3F83FB9C28BE6E8000569644 /* TableViewController.swift */; };
		3F83FB9F28BE6F5B00569644 /* CollectionViewController.swift in Sources */ = {isa = PBXBuildFile; fileRef = 3F83FB9E28BE6F5B00569644 /* CollectionViewController.swift */; };
		3F83FBA128BE6F7A00569644 /* TabBarViewController.swift in Sources */ = {isa = PBXBuildFile; fileRef = 3F83FBA028BE6F7A00569644 /* TabBarViewController.swift */; };
		3F83FBA428BE6FC200569644 /* Enums.swift in Sources */ = {isa = PBXBuildFile; fileRef = 3F83FBA328BE6FC200569644 /* Enums.swift */; };
		3F83FBA628BE6FCD00569644 /* Structs.swift in Sources */ = {isa = PBXBuildFile; fileRef = 3F83FBA528BE6FCD00569644 /* Structs.swift */; };
/* End PBXBuildFile section */

/* Begin PBXContainerItemProxy section */
		3F83FB7F28BE698100569644 /* PBXContainerItemProxy */ = {
			isa = PBXContainerItemProxy;
			containerPortal = 3F83FB6028BE697B00569644 /* Project object */;
			proxyType = 1;
			remoteGlobalIDString = 3F83FB6728BE697B00569644;
			remoteInfo = "Primary-Review";
		};
		3F83FB8928BE698100569644 /* PBXContainerItemProxy */ = {
			isa = PBXContainerItemProxy;
			containerPortal = 3F83FB6028BE697B00569644 /* Project object */;
			proxyType = 1;
			remoteGlobalIDString = 3F83FB6728BE697B00569644;
			remoteInfo = "Primary-Review";
		};
/* End PBXContainerItemProxy section */

/* Begin PBXFileReference section */
		3F83FB6828BE697B00569644 /* Primary-Review.app */ = {isa = PBXFileReference; explicitFileType = wrapper.application; includeInIndex = 0; path = "Primary-Review.app"; sourceTree = BUILT_PRODUCTS_DIR; };
		3F83FB6B28BE697B00569644 /* AppDelegate.swift */ = {isa = PBXFileReference; lastKnownFileType = sourcecode.swift; path = AppDelegate.swift; sourceTree = "<group>"; };
		3F83FB6D28BE697B00569644 /* SceneDelegate.swift */ = {isa = PBXFileReference; lastKnownFileType = sourcecode.swift; path = SceneDelegate.swift; sourceTree = "<group>"; };
		3F83FB6F28BE697B00569644 /* ViewController.swift */ = {isa = PBXFileReference; lastKnownFileType = sourcecode.swift; path = ViewController.swift; sourceTree = "<group>"; };
		3F83FB7228BE697B00569644 /* Base */ = {isa = PBXFileReference; lastKnownFileType = file.storyboard; name = Base; path = Base.lproj/Main.storyboard; sourceTree = "<group>"; };
		3F83FB7428BE698100569644 /* Assets.xcassets */ = {isa = PBXFileReference; lastKnownFileType = folder.assetcatalog; path = Assets.xcassets; sourceTree = "<group>"; };
		3F83FB7728BE698100569644 /* Base */ = {isa = PBXFileReference; lastKnownFileType = file.storyboard; name = Base; path = Base.lproj/LaunchScreen.storyboard; sourceTree = "<group>"; };
		3F83FB7928BE698100569644 /* Info.plist */ = {isa = PBXFileReference; lastKnownFileType = text.plist.xml; path = Info.plist; sourceTree = "<group>"; };
		3F83FB7E28BE698100569644 /* Primary-ReviewTests.xctest */ = {isa = PBXFileReference; explicitFileType = wrapper.cfbundle; includeInIndex = 0; path = "Primary-ReviewTests.xctest"; sourceTree = BUILT_PRODUCTS_DIR; };
		3F83FB8228BE698100569644 /* Primary_ReviewTests.swift */ = {isa = PBXFileReference; lastKnownFileType = sourcecode.swift; path = Primary_ReviewTests.swift; sourceTree = "<group>"; };
		3F83FB8828BE698100569644 /* Primary-ReviewUITests.xctest */ = {isa = PBXFileReference; explicitFileType = wrapper.cfbundle; includeInIndex = 0; path = "Primary-ReviewUITests.xctest"; sourceTree = BUILT_PRODUCTS_DIR; };
		3F83FB8C28BE698100569644 /* Primary_ReviewUITests.swift */ = {isa = PBXFileReference; lastKnownFileType = sourcecode.swift; path = Primary_ReviewUITests.swift; sourceTree = "<group>"; };
		3F83FB8E28BE698100569644 /* Primary_ReviewUITestsLaunchTests.swift */ = {isa = PBXFileReference; lastKnownFileType = sourcecode.swift; path = Primary_ReviewUITestsLaunchTests.swift; sourceTree = "<group>"; };
		3F83FB9C28BE6E8000569644 /* TableViewController.swift */ = {isa = PBXFileReference; lastKnownFileType = sourcecode.swift; path = TableViewController.swift; sourceTree = "<group>"; };
		3F83FB9E28BE6F5B00569644 /* CollectionViewController.swift */ = {isa = PBXFileReference; lastKnownFileType = sourcecode.swift; path = CollectionViewController.swift; sourceTree = "<group>"; };
		3F83FBA028BE6F7A00569644 /* TabBarViewController.swift */ = {isa = PBXFileReference; lastKnownFileType = sourcecode.swift; path = TabBarViewController.swift; sourceTree = "<group>"; };
		3F83FBA328BE6FC200569644 /* Enums.swift */ = {isa = PBXFileReference; lastKnownFileType = sourcecode.swift; path = Enums.swift; sourceTree = "<group>"; };
		3F83FBA528BE6FCD00569644 /* Structs.swift */ = {isa = PBXFileReference; lastKnownFileType = sourcecode.swift; path = Structs.swift; sourceTree = "<group>"; };
/* End PBXFileReference section */

/* Begin PBXFrameworksBuildPhase section */
		3F83FB6528BE697B00569644 /* Frameworks */ = {
			isa = PBXFrameworksBuildPhase;
			buildActionMask = 2147483647;
			files = (
			);
			runOnlyForDeploymentPostprocessing = 0;
		};
		3F83FB7B28BE698100569644 /* Frameworks */ = {
			isa = PBXFrameworksBuildPhase;
			buildActionMask = 2147483647;
			files = (
			);
			runOnlyForDeploymentPostprocessing = 0;
		};
		3F83FB8528BE698100569644 /* Frameworks */ = {
			isa = PBXFrameworksBuildPhase;
			buildActionMask = 2147483647;
			files = (
			);
			runOnlyForDeploymentPostprocessing = 0;
		};
/* End PBXFrameworksBuildPhase section */

/* Begin PBXGroup section */
		3F83FB5F28BE697B00569644 = {
			isa = PBXGroup;
			children = (
				3F83FB6A28BE697B00569644 /* Primary-Review */,
				3F83FB8128BE698100569644 /* Primary-ReviewTests */,
				3F83FB8B28BE698100569644 /* Primary-ReviewUITests */,
				3F83FB6928BE697B00569644 /* Products */,
			);
			sourceTree = "<group>";
		};
		3F83FB6928BE697B00569644 /* Products */ = {
			isa = PBXGroup;
			children = (
				3F83FB6828BE697B00569644 /* Primary-Review.app */,
				3F83FB7E28BE698100569644 /* Primary-ReviewTests.xctest */,
				3F83FB8828BE698100569644 /* Primary-ReviewUITests.xctest */,
			);
			name = Products;
			sourceTree = "<group>";
		};
		3F83FB6A28BE697B00569644 /* Primary-Review */ = {
			isa = PBXGroup;
			children = (
				3F83FBA228BE6FA600569644 /* Enum & Structs */,
				3F83FB9B28BE6C6600569644 /* ViewControllers */,
				3F83FB6B28BE697B00569644 /* AppDelegate.swift */,
				3F83FB6D28BE697B00569644 /* SceneDelegate.swift */,
				3F83FB7128BE697B00569644 /* Main.storyboard */,
				3F83FB7428BE698100569644 /* Assets.xcassets */,
				3F83FB7628BE698100569644 /* LaunchScreen.storyboard */,
				3F83FB7928BE698100569644 /* Info.plist */,
			);
			path = "Primary-Review";
			sourceTree = "<group>";
		};
		3F83FB8128BE698100569644 /* Primary-ReviewTests */ = {
			isa = PBXGroup;
			children = (
				3F83FB8228BE698100569644 /* Primary_ReviewTests.swift */,
			);
			path = "Primary-ReviewTests";
			sourceTree = "<group>";
		};
		3F83FB8B28BE698100569644 /* Primary-ReviewUITests */ = {
			isa = PBXGroup;
			children = (
				3F83FB8C28BE698100569644 /* Primary_ReviewUITests.swift */,
				3F83FB8E28BE698100569644 /* Primary_ReviewUITestsLaunchTests.swift */,
			);
			path = "Primary-ReviewUITests";
			sourceTree = "<group>";
		};
		3F83FB9B28BE6C6600569644 /* ViewControllers */ = {
			isa = PBXGroup;
			children = (
				3F83FB6F28BE697B00569644 /* ViewController.swift */,
				3F83FB9C28BE6E8000569644 /* TableViewController.swift */,
				3F83FB9E28BE6F5B00569644 /* CollectionViewController.swift */,
				3F83FBA028BE6F7A00569644 /* TabBarViewController.swift */,
			);
			path = ViewControllers;
			sourceTree = "<group>";
		};
		3F83FBA228BE6FA600569644 /* Enum & Structs */ = {
			isa = PBXGroup;
			children = (
				3F83FBA328BE6FC200569644 /* Enums.swift */,
				3F83FBA528BE6FCD00569644 /* Structs.swift */,
			);
			path = "Enum & Structs";
			sourceTree = "<group>";
		};
/* End PBXGroup section */

/* Begin PBXNativeTarget section */
		3F83FB6728BE697B00569644 /* Primary-Review */ = {
			isa = PBXNativeTarget;
			buildConfigurationList = 3F83FB9228BE698100569644 /* Build configuration list for PBXNativeTarget "Primary-Review" */;
			buildPhases = (
				3F83FB6428BE697B00569644 /* Sources */,
				3F83FB6528BE697B00569644 /* Frameworks */,
				3F83FB6628BE697B00569644 /* Resources */,
			);
			buildRules = (
			);
			dependencies = (
			);
			name = "Primary-Review";
			productName = "Primary-Review";
			productReference = 3F83FB6828BE697B00569644 /* Primary-Review.app */;
			productType = "com.apple.product-type.application";
		};
		3F83FB7D28BE698100569644 /* Primary-ReviewTests */ = {
			isa = PBXNativeTarget;
			buildConfigurationList = 3F83FB9528BE698100569644 /* Build configuration list for PBXNativeTarget "Primary-ReviewTests" */;
			buildPhases = (
				3F83FB7A28BE698100569644 /* Sources */,
				3F83FB7B28BE698100569644 /* Frameworks */,
				3F83FB7C28BE698100569644 /* Resources */,
			);
			buildRules = (
			);
			dependencies = (
				3F83FB8028BE698100569644 /* PBXTargetDependency */,
			);
			name = "Primary-ReviewTests";
			productName = "Primary-ReviewTests";
			productReference = 3F83FB7E28BE698100569644 /* Primary-ReviewTests.xctest */;
			productType = "com.apple.product-type.bundle.unit-test";
		};
		3F83FB8728BE698100569644 /* Primary-ReviewUITests */ = {
			isa = PBXNativeTarget;
			buildConfigurationList = 3F83FB9828BE698100569644 /* Build configuration list for PBXNativeTarget "Primary-ReviewUITests" */;
			buildPhases = (
				3F83FB8428BE698100569644 /* Sources */,
				3F83FB8528BE698100569644 /* Frameworks */,
				3F83FB8628BE698100569644 /* Resources */,
			);
			buildRules = (
			);
			dependencies = (
				3F83FB8A28BE698100569644 /* PBXTargetDependency */,
			);
			name = "Primary-ReviewUITests";
			productName = "Primary-ReviewUITests";
			productReference = 3F83FB8828BE698100569644 /* Primary-ReviewUITests.xctest */;
			productType = "com.apple.product-type.bundle.ui-testing";
		};
/* End PBXNativeTarget section */

/* Begin PBXProject section */
		3F83FB6028BE697B00569644 /* Project object */ = {
			isa = PBXProject;
			attributes = {
				BuildIndependentTargetsInParallel = 1;
				LastSwiftUpdateCheck = 1340;
				LastUpgradeCheck = 1340;
				TargetAttributes = {
					3F83FB6728BE697B00569644 = {
						CreatedOnToolsVersion = 13.4.1;
					};
					3F83FB7D28BE698100569644 = {
						CreatedOnToolsVersion = 13.4.1;
						TestTargetID = 3F83FB6728BE697B00569644;
					};
					3F83FB8728BE698100569644 = {
						CreatedOnToolsVersion = 13.4.1;
						TestTargetID = 3F83FB6728BE697B00569644;
					};
				};
			};
			buildConfigurationList = 3F83FB6328BE697B00569644 /* Build configuration list for PBXProject "Primary-Review" */;
			compatibilityVersion = "Xcode 13.0";
			developmentRegion = en;
			hasScannedForEncodings = 0;
			knownRegions = (
				en,
				Base,
			);
			mainGroup = 3F83FB5F28BE697B00569644;
			productRefGroup = 3F83FB6928BE697B00569644 /* Products */;
			projectDirPath = "";
			projectRoot = "";
			targets = (
				3F83FB6728BE697B00569644 /* Primary-Review */,
				3F83FB7D28BE698100569644 /* Primary-ReviewTests */,
				3F83FB8728BE698100569644 /* Primary-ReviewUITests */,
			);
		};
/* End PBXProject section */

/* Begin PBXResourcesBuildPhase section */
		3F83FB6628BE697B00569644 /* Resources */ = {
			isa = PBXResourcesBuildPhase;
			buildActionMask = 2147483647;
			files = (
				3F83FB7828BE698100569644 /* LaunchScreen.storyboard in Resources */,
				3F83FB7528BE698100569644 /* Assets.xcassets in Resources */,
				3F83FB7328BE697B00569644 /* Main.storyboard in Resources */,
			);
			runOnlyForDeploymentPostprocessing = 0;
		};
		3F83FB7C28BE698100569644 /* Resources */ = {
			isa = PBXResourcesBuildPhase;
			buildActionMask = 2147483647;
			files = (
			);
			runOnlyForDeploymentPostprocessing = 0;
		};
		3F83FB8628BE698100569644 /* Resources */ = {
			isa = PBXResourcesBuildPhase;
			buildActionMask = 2147483647;
			files = (
			);
			runOnlyForDeploymentPostprocessing = 0;
		};
/* End PBXResourcesBuildPhase section */

/* Begin PBXSourcesBuildPhase section */
		3F83FB6428BE697B00569644 /* Sources */ = {
			isa = PBXSourcesBuildPhase;
			buildActionMask = 2147483647;
			files = (
				3F83FBA628BE6FCD00569644 /* Structs.swift in Sources */,
				3F83FB9D28BE6E8000569644 /* TableViewController.swift in Sources */,
				3F83FB7028BE697B00569644 /* ViewController.swift in Sources */,
				3F83FB6C28BE697B00569644 /* AppDelegate.swift in Sources */,
				3F83FB6E28BE697B00569644 /* SceneDelegate.swift in Sources */,
				3F83FBA428BE6FC200569644 /* Enums.swift in Sources */,
				3F83FBA128BE6F7A00569644 /* TabBarViewController.swift in Sources */,
				3F83FB9F28BE6F5B00569644 /* CollectionViewController.swift in Sources */,
			);
			runOnlyForDeploymentPostprocessing = 0;
		};
		3F83FB7A28BE698100569644 /* Sources */ = {
			isa = PBXSourcesBuildPhase;
			buildActionMask = 2147483647;
			files = (
				3F83FB8328BE698100569644 /* Primary_ReviewTests.swift in Sources */,
			);
			runOnlyForDeploymentPostprocessing = 0;
		};
		3F83FB8428BE698100569644 /* Sources */ = {
			isa = PBXSourcesBuildPhase;
			buildActionMask = 2147483647;
			files = (
				3F83FB8D28BE698100569644 /* Primary_ReviewUITests.swift in Sources */,
				3F83FB8F28BE698100569644 /* Primary_ReviewUITestsLaunchTests.swift in Sources */,
			);
			runOnlyForDeploymentPostprocessing = 0;
		};
/* End PBXSourcesBuildPhase section */

/* Begin PBXTargetDependency section */
		3F83FB8028BE698100569644 /* PBXTargetDependency */ = {
			isa = PBXTargetDependency;
			target = 3F83FB6728BE697B00569644 /* Primary-Review */;
			targetProxy = 3F83FB7F28BE698100569644 /* PBXContainerItemProxy */;
		};
		3F83FB8A28BE698100569644 /* PBXTargetDependency */ = {
			isa = PBXTargetDependency;
			target = 3F83FB6728BE697B00569644 /* Primary-Review */;
			targetProxy = 3F83FB8928BE698100569644 /* PBXContainerItemProxy */;
		};
/* End PBXTargetDependency section */

/* Begin PBXVariantGroup section */
		3F83FB7128BE697B00569644 /* Main.storyboard */ = {
			isa = PBXVariantGroup;
			children = (
				3F83FB7228BE697B00569644 /* Base */,
			);
			name = Main.storyboard;
			sourceTree = "<group>";
		};
		3F83FB7628BE698100569644 /* LaunchScreen.storyboard */ = {
			isa = PBXVariantGroup;
			children = (
				3F83FB7728BE698100569644 /* Base */,
			);
			name = LaunchScreen.storyboard;
			sourceTree = "<group>";
		};
/* End PBXVariantGroup section */

/* Begin XCBuildConfiguration section */
		3F83FB9028BE698100569644 /* Debug */ = {
			isa = XCBuildConfiguration;
			buildSettings = {
				ALWAYS_SEARCH_USER_PATHS = NO;
				CLANG_ANALYZER_NONNULL = YES;
				CLANG_ANALYZER_NUMBER_OBJECT_CONVERSION = YES_AGGRESSIVE;
				CLANG_CXX_LANGUAGE_STANDARD = "gnu++17";
				CLANG_ENABLE_MODULES = YES;
				CLANG_ENABLE_OBJC_ARC = YES;
				CLANG_ENABLE_OBJC_WEAK = YES;
				CLANG_WARN_BLOCK_CAPTURE_AUTORELEASING = YES;
				CLANG_WARN_BOOL_CONVERSION = YES;
				CLANG_WARN_COMMA = YES;
				CLANG_WARN_CONSTANT_CONVERSION = YES;
				CLANG_WARN_DEPRECATED_OBJC_IMPLEMENTATIONS = YES;
				CLANG_WARN_DIRECT_OBJC_ISA_USAGE = YES_ERROR;
				CLANG_WARN_DOCUMENTATION_COMMENTS = YES;
				CLANG_WARN_EMPTY_BODY = YES;
				CLANG_WARN_ENUM_CONVERSION = YES;
				CLANG_WARN_INFINITE_RECURSION = YES;
				CLANG_WARN_INT_CONVERSION = YES;
				CLANG_WARN_NON_LITERAL_NULL_CONVERSION = YES;
				CLANG_WARN_OBJC_IMPLICIT_RETAIN_SELF = YES;
				CLANG_WARN_OBJC_LITERAL_CONVERSION = YES;
				CLANG_WARN_OBJC_ROOT_CLASS = YES_ERROR;
				CLANG_WARN_QUOTED_INCLUDE_IN_FRAMEWORK_HEADER = YES;
				CLANG_WARN_RANGE_LOOP_ANALYSIS = YES;
				CLANG_WARN_STRICT_PROTOTYPES = YES;
				CLANG_WARN_SUSPICIOUS_MOVE = YES;
				CLANG_WARN_UNGUARDED_AVAILABILITY = YES_AGGRESSIVE;
				CLANG_WARN_UNREACHABLE_CODE = YES;
				CLANG_WARN__DUPLICATE_METHOD_MATCH = YES;
				COPY_PHASE_STRIP = NO;
				DEBUG_INFORMATION_FORMAT = dwarf;
				ENABLE_STRICT_OBJC_MSGSEND = YES;
				ENABLE_TESTABILITY = YES;
				GCC_C_LANGUAGE_STANDARD = gnu11;
				GCC_DYNAMIC_NO_PIC = NO;
				GCC_NO_COMMON_BLOCKS = YES;
				GCC_OPTIMIZATION_LEVEL = 0;
				GCC_PREPROCESSOR_DEFINITIONS = (
					"DEBUG=1",
					"$(inherited)",
				);
				GCC_WARN_64_TO_32_BIT_CONVERSION = YES;
				GCC_WARN_ABOUT_RETURN_TYPE = YES_ERROR;
				GCC_WARN_UNDECLARED_SELECTOR = YES;
				GCC_WARN_UNINITIALIZED_AUTOS = YES_AGGRESSIVE;
				GCC_WARN_UNUSED_FUNCTION = YES;
				GCC_WARN_UNUSED_VARIABLE = YES;
				IPHONEOS_DEPLOYMENT_TARGET = 12.2;
				MTL_ENABLE_DEBUG_INFO = INCLUDE_SOURCE;
				MTL_FAST_MATH = YES;
				ONLY_ACTIVE_ARCH = YES;
				SDKROOT = iphoneos;
				SWIFT_ACTIVE_COMPILATION_CONDITIONS = DEBUG;
				SWIFT_OPTIMIZATION_LEVEL = "-Onone";
			};
			name = Debug;
		};
		3F83FB9128BE698100569644 /* Release */ = {
			isa = XCBuildConfiguration;
			buildSettings = {
				ALWAYS_SEARCH_USER_PATHS = NO;
				CLANG_ANALYZER_NONNULL = YES;
				CLANG_ANALYZER_NUMBER_OBJECT_CONVERSION = YES_AGGRESSIVE;
				CLANG_CXX_LANGUAGE_STANDARD = "gnu++17";
				CLANG_ENABLE_MODULES = YES;
				CLANG_ENABLE_OBJC_ARC = YES;
				CLANG_ENABLE_OBJC_WEAK = YES;
				CLANG_WARN_BLOCK_CAPTURE_AUTORELEASING = YES;
				CLANG_WARN_BOOL_CONVERSION = YES;
				CLANG_WARN_COMMA = YES;
				CLANG_WARN_CONSTANT_CONVERSION = YES;
				CLANG_WARN_DEPRECATED_OBJC_IMPLEMENTATIONS = YES;
				CLANG_WARN_DIRECT_OBJC_ISA_USAGE = YES_ERROR;
				CLANG_WARN_DOCUMENTATION_COMMENTS = YES;
				CLANG_WARN_EMPTY_BODY = YES;
				CLANG_WARN_ENUM_CONVERSION = YES;
				CLANG_WARN_INFINITE_RECURSION = YES;
				CLANG_WARN_INT_CONVERSION = YES;
				CLANG_WARN_NON_LITERAL_NULL_CONVERSION = YES;
				CLANG_WARN_OBJC_IMPLICIT_RETAIN_SELF = YES;
				CLANG_WARN_OBJC_LITERAL_CONVERSION = YES;
				CLANG_WARN_OBJC_ROOT_CLASS = YES_ERROR;
				CLANG_WARN_QUOTED_INCLUDE_IN_FRAMEWORK_HEADER = YES;
				CLANG_WARN_RANGE_LOOP_ANALYSIS = YES;
				CLANG_WARN_STRICT_PROTOTYPES = YES;
				CLANG_WARN_SUSPICIOUS_MOVE = YES;
				CLANG_WARN_UNGUARDED_AVAILABILITY = YES_AGGRESSIVE;
				CLANG_WARN_UNREACHABLE_CODE = YES;
				CLANG_WARN__DUPLICATE_METHOD_MATCH = YES;
				COPY_PHASE_STRIP = NO;
				DEBUG_INFORMATION_FORMAT = "dwarf-with-dsym";
				ENABLE_NS_ASSERTIONS = NO;
				ENABLE_STRICT_OBJC_MSGSEND = YES;
				GCC_C_LANGUAGE_STANDARD = gnu11;
				GCC_NO_COMMON_BLOCKS = YES;
				GCC_WARN_64_TO_32_BIT_CONVERSION = YES;
				GCC_WARN_ABOUT_RETURN_TYPE = YES_ERROR;
				GCC_WARN_UNDECLARED_SELECTOR = YES;
				GCC_WARN_UNINITIALIZED_AUTOS = YES_AGGRESSIVE;
				GCC_WARN_UNUSED_FUNCTION = YES;
				GCC_WARN_UNUSED_VARIABLE = YES;
				IPHONEOS_DEPLOYMENT_TARGET = 12.2;
				MTL_ENABLE_DEBUG_INFO = NO;
				MTL_FAST_MATH = YES;
				SDKROOT = iphoneos;
				SWIFT_COMPILATION_MODE = wholemodule;
				SWIFT_OPTIMIZATION_LEVEL = "-O";
				VALIDATE_PRODUCT = YES;
			};
			name = Release;
		};
		3F83FB9328BE698100569644 /* Debug */ = {
			isa = XCBuildConfiguration;
			buildSettings = {
				ASSETCATALOG_COMPILER_APPICON_NAME = AppIcon;
				ASSETCATALOG_COMPILER_GLOBAL_ACCENT_COLOR_NAME = AccentColor;
				CODE_SIGN_STYLE = Automatic;
				CURRENT_PROJECT_VERSION = 1;
				GENERATE_INFOPLIST_FILE = YES;
				INFOPLIST_FILE = "Primary-Review/Info.plist";
				INFOPLIST_KEY_UIApplicationSupportsIndirectInputEvents = YES;
				INFOPLIST_KEY_UILaunchStoryboardName = LaunchScreen;
				INFOPLIST_KEY_UIMainStoryboardFile = Main;
				INFOPLIST_KEY_UISupportedInterfaceOrientations_iPad = "UIInterfaceOrientationPortrait UIInterfaceOrientationPortraitUpsideDown UIInterfaceOrientationLandscapeLeft UIInterfaceOrientationLandscapeRight";
				INFOPLIST_KEY_UISupportedInterfaceOrientations_iPhone = "UIInterfaceOrientationPortrait UIInterfaceOrientationLandscapeLeft UIInterfaceOrientationLandscapeRight";
				LD_RUNPATH_SEARCH_PATHS = (
					"$(inherited)",
					"@executable_path/Frameworks",
				);
				MARKETING_VERSION = 1.0;
				PRODUCT_BUNDLE_IDENTIFIER = "com.StudentLesson.Primary-Review";
				PRODUCT_NAME = "$(TARGET_NAME)";
				SWIFT_EMIT_LOC_STRINGS = YES;
				SWIFT_VERSION = 5.0;
				TARGETED_DEVICE_FAMILY = "1,2";
			};
			name = Debug;
		};
		3F83FB9428BE698100569644 /* Release */ = {
			isa = XCBuildConfiguration;
			buildSettings = {
				ASSETCATALOG_COMPILER_APPICON_NAME = AppIcon;
				ASSETCATALOG_COMPILER_GLOBAL_ACCENT_COLOR_NAME = AccentColor;
				CODE_SIGN_STYLE = Automatic;
				CURRENT_PROJECT_VERSION = 1;
				GENERATE_INFOPLIST_FILE = YES;
				INFOPLIST_FILE = "Primary-Review/Info.plist";
				INFOPLIST_KEY_UIApplicationSupportsIndirectInputEvents = YES;
				INFOPLIST_KEY_UILaunchStoryboardName = LaunchScreen;
				INFOPLIST_KEY_UIMainStoryboardFile = Main;
				INFOPLIST_KEY_UISupportedInterfaceOrientations_iPad = "UIInterfaceOrientationPortrait UIInterfaceOrientationPortraitUpsideDown UIInterfaceOrientationLandscapeLeft UIInterfaceOrientationLandscapeRight";
				INFOPLIST_KEY_UISupportedInterfaceOrientations_iPhone = "UIInterfaceOrientationPortrait UIInterfaceOrientationLandscapeLeft UIInterfaceOrientationLandscapeRight";
				LD_RUNPATH_SEARCH_PATHS = (
					"$(inherited)",
					"@executable_path/Frameworks",
				);
				MARKETING_VERSION = 1.0;
				PRODUCT_BUNDLE_IDENTIFIER = "com.StudentLesson.Primary-Review";
				PRODUCT_NAME = "$(TARGET_NAME)";
				SWIFT_EMIT_LOC_STRINGS = YES;
				SWIFT_VERSION = 5.0;
				TARGETED_DEVICE_FAMILY = "1,2";
			};
			name = Release;
		};
		3F83FB9628BE698100569644 /* Debug */ = {
			isa = XCBuildConfiguration;
			buildSettings = {
				ALWAYS_EMBED_SWIFT_STANDARD_LIBRARIES = YES;
				BUNDLE_LOADER = "$(TEST_HOST)";
				CODE_SIGN_STYLE = Automatic;
				CURRENT_PROJECT_VERSION = 1;
				GENERATE_INFOPLIST_FILE = YES;
				IPHONEOS_DEPLOYMENT_TARGET = 15.5;
				MARKETING_VERSION = 1.0;
				PRODUCT_BUNDLE_IDENTIFIER = "com.StudentLesson.Primary-ReviewTests";
				PRODUCT_NAME = "$(TARGET_NAME)";
				SWIFT_EMIT_LOC_STRINGS = NO;
				SWIFT_VERSION = 5.0;
				TARGETED_DEVICE_FAMILY = "1,2";
				TEST_HOST = "$(BUILT_PRODUCTS_DIR)/Primary-Review.app/Primary-Review";
			};
			name = Debug;
		};
		3F83FB9728BE698100569644 /* Release */ = {
			isa = XCBuildConfiguration;
			buildSettings = {
				ALWAYS_EMBED_SWIFT_STANDARD_LIBRARIES = YES;
				BUNDLE_LOADER = "$(TEST_HOST)";
				CODE_SIGN_STYLE = Automatic;
				CURRENT_PROJECT_VERSION = 1;
				GENERATE_INFOPLIST_FILE = YES;
				IPHONEOS_DEPLOYMENT_TARGET = 15.5;
				MARKETING_VERSION = 1.0;
				PRODUCT_BUNDLE_IDENTIFIER = "com.StudentLesson.Primary-ReviewTests";
				PRODUCT_NAME = "$(TARGET_NAME)";
				SWIFT_EMIT_LOC_STRINGS = NO;
				SWIFT_VERSION = 5.0;
				TARGETED_DEVICE_FAMILY = "1,2";
				TEST_HOST = "$(BUILT_PRODUCTS_DIR)/Primary-Review.app/Primary-Review";
			};
			name = Release;
		};
		3F83FB9928BE698100569644 /* Debug */ = {
			isa = XCBuildConfiguration;
			buildSettings = {
				ALWAYS_EMBED_SWIFT_STANDARD_LIBRARIES = YES;
				CODE_SIGN_STYLE = Automatic;
				CURRENT_PROJECT_VERSION = 1;
				GENERATE_INFOPLIST_FILE = YES;
				MARKETING_VERSION = 1.0;
				PRODUCT_BUNDLE_IDENTIFIER = "com.StudentLesson.Primary-ReviewUITests";
				PRODUCT_NAME = "$(TARGET_NAME)";
				SWIFT_EMIT_LOC_STRINGS = NO;
				SWIFT_VERSION = 5.0;
				TARGETED_DEVICE_FAMILY = "1,2";
				TEST_TARGET_NAME = "Primary-Review";
			};
			name = Debug;
		};
		3F83FB9A28BE698100569644 /* Release */ = {
			isa = XCBuildConfiguration;
			buildSettings = {
				ALWAYS_EMBED_SWIFT_STANDARD_LIBRARIES = YES;
				CODE_SIGN_STYLE = Automatic;
				CURRENT_PROJECT_VERSION = 1;
				GENERATE_INFOPLIST_FILE = YES;
				MARKETING_VERSION = 1.0;
				PRODUCT_BUNDLE_IDENTIFIER = "com.StudentLesson.Primary-ReviewUITests";
				PRODUCT_NAME = "$(TARGET_NAME)";
				SWIFT_EMIT_LOC_STRINGS = NO;
				SWIFT_VERSION = 5.0;
				TARGETED_DEVICE_FAMILY = "1,2";
				TEST_TARGET_NAME = "Primary-Review";
			};
			name = Release;
		};
/* End XCBuildConfiguration section */

/* Begin XCConfigurationList section */
		3F83FB6328BE697B00569644 /* Build configuration list for PBXProject "Primary-Review" */ = {
			isa = XCConfigurationList;
			buildConfigurations = (
				3F83FB9028BE698100569644 /* Debug */,
				3F83FB9128BE698100569644 /* Release */,
			);
			defaultConfigurationIsVisible = 0;
			defaultConfigurationName = Release;
		};
		3F83FB9228BE698100569644 /* Build configuration list for PBXNativeTarget "Primary-Review" */ = {
			isa = XCConfigurationList;
			buildConfigurations = (
				3F83FB9328BE698100569644 /* Debug */,
				3F83FB9428BE698100569644 /* Release */,
			);
			defaultConfigurationIsVisible = 0;
			defaultConfigurationName = Release;
		};
		3F83FB9528BE698100569644 /* Build configuration list for PBXNativeTarget "Primary-ReviewTests" */ = {
			isa = XCConfigurationList;
			buildConfigurations = (
				3F83FB9628BE698100569644 /* Debug */,
				3F83FB9728BE698100569644 /* Release */,
			);
			defaultConfigurationIsVisible = 0;
			defaultConfigurationName = Release;
		};
		3F83FB9828BE698100569644 /* Build configuration list for PBXNativeTarget "Primary-ReviewUITests" */ = {
			isa = XCConfigurationList;
			buildConfigurations = (
				3F83FB9928BE698100569644 /* Debug */,
				3F83FB9A28BE698100569644 /* Release */,
			);
			defaultConfigurationIsVisible = 0;
			defaultConfigurationName = Release;
		};
/* End XCConfigurationList section */
	};
	rootObject = 3F83FB6028BE697B00569644 /* Project object */;
}
